github.com/goccy/go-json v0.7.3 h1:Pznres7bC8RRKT9yOn3EZ7fK+8Kle6K9rW2U33QlXZI=
github.com/goccy/go-json v0.7.3/go.mod h1:6MelG93GURQebXPDq3khkgXZkazVtN9CRI+MGFi0w8I=
github.com/goccy/go-json v0.9.4 h1:L8MLKG2mvVXiQu07qB6hmfqeSYQdOnqPot2GhsIwIaI=
github.com/goccy/go-json v0.9.4/go.mod h1:6MelG93GURQebXPDq3khkgXZkazVtN9CRI+MGFi0w8I=
